
Microsoft Visual Studio Solution File, Format Version 12.00
# Visual Studio Version 16
VisualStudioVersion = 16.0.31025.194
MinimumVisualStudioVersion = 10.0.40219.1
Project("{FAE04EC0-301F-11D3-BF4B-00C04F79EFBC}") = "PM2E2GRUPO1.Android", "PM2E2GRUPO1\PM2E2GRUPO1.Android\PM2E2GRUPO1.Android.csproj", "{55BAEDB6-0A0B-4B3E-B576-9AB5019AB7C0}"
EndProject
Project("{FAE04EC0-301F-11D3-BF4B-00C04F79EFBC}") = "PM2E2GRUPO1.iOS", "PM2E2GRUPO1\PM2E2GRUPO1.iOS\PM2E2GRUPO1.iOS.csproj", "{5AA7C075-416E-416B-BCD3-64DBA47B4F15}"
EndProject
Project("{FAE04EC0-301F-11D3-BF4B-00C04F79EFBC}") = "PM2E2GRUPO1", "PM2E2GRUPO1\PM2E2GRUPO1\PM2E2GRUPO1.csproj", "{98F662B6-2563-481A-A864-00E0DB083E54}"
EndProject
Global
	GlobalSection(SolutionConfigurationPlatforms) = preSolution
		Debug|Any CPU = Debug|Any CPU
		Debug|iPhone = Debug|iPhone
		Debug|iPhoneSimulator = Debug|iPhoneSimulator
		Release|Any CPU = Release|Any CPU
		Release|iPhone = Release|iPhone
		Release|iPhoneSimulator = Release|iPhoneSimulator
	EndGlobalSection
	GlobalSection(ProjectConfigurationPlatforms) = postSolution
		{55BAEDB6-0A0B-4B3E-B576-9AB5019AB7C0}.Debug|Any CPU.ActiveCfg = Debug|Any CPU
		{55BAEDB6-0A0B-4B3E-B576-9AB5019AB7C0}.Debug|Any CPU.Build.0 = Debug|Any CPU
		{55BAEDB6-0A0B-4B3E-B576-9AB5019AB7C0}.Debug|Any CPU.Deploy.0 = Debug|Any CPU
		{55BAEDB6-0A0B-4B3E-B576-9AB5019AB7C0}.Debug|iPhone.ActiveCfg = Debug|Any CPU
		{55BAEDB6-0A0B-4B3E-B576-9AB5019AB7C0}.Debug|iPhone.Build.0 = Debug|Any CPU
		{55BAEDB6-0A0B-4B3E-B576-9AB5019AB7C0}.Debug|iPhone.Deploy.0 = Debug|Any CPU
		{55BAEDB6-0A0B-4B3E-B576-9AB5019AB7C0}.Debug|iPhoneSimulator.ActiveCfg = Debug|Any CPU
		{55BAEDB6-0A0B-4B3E-B576-9AB5019AB7C0}.Debug|iPhoneSimulator.Build.0 = Debug|Any CPU
		{55BAEDB6-0A0B-4B3E-B576-9AB5019AB7C0}.Debug|iPhoneSimulator.Deploy.0 = Debug|Any CPU
		{55BAEDB6-0A0B-4B3E-B576-9AB5019AB7C0}.Release|Any CPU.ActiveCfg = Release|Any CPU
		{55BAEDB6-0A0B-4B3E-B576-9AB5019AB7C0}.Release|Any CPU.Build.0 = Release|Any CPU
		{55BAEDB6-0A0B-4B3E-B576-9AB5019AB7C0}.Release|Any CPU.Deploy.0 = Release|Any CPU
		{55BAEDB6-0A0B-4B3E-B576-9AB5019AB7C0}.Release|iPhone.ActiveCfg = Release|Any CPU
		{55BAEDB6-0A0B-4B3E-B576-9AB5019AB7C0}.Release|iPhone.Build.0 = Release|Any CPU
		{55BAEDB6-0A0B-4B3E-B576-9AB5019AB7C0}.Release|iPhone.Deploy.0 = Release|Any CPU
		{55BAEDB6-0A0B-4B3E-B576-9AB5019AB7C0}.Release|iPhoneSimulator.ActiveCfg = Release|Any CPU
		{55BAEDB6-0A0B-4B3E-B576-9AB5019AB7C0}.Release|iPhoneSimulator.Build.0 = Release|Any CPU
		{55BAEDB6-0A0B-4B3E-B576-9AB5019AB7C0}.Release|iPhoneSimulator.Deploy.0 = Release|Any CPU
		{5AA7C075-416E-416B-BCD3-64DBA47B4F15}.Debug|Any CPU.ActiveCfg = Debug|iPhone
		{5AA7C075-416E-416B-BCD3-64DBA47B4F15}.Debug|Any CPU.Build.0 = Debug|iPhone
		{5AA7C075-416E-416B-BCD3-64DBA47B4F15}.Debug|Any CPU.Deploy.0 = Debug|iPhone
		{5AA7C075-416E-416B-BCD3-64DBA47B4F15}.Debug|iPhone.ActiveCfg = Debug|iPhone
		{5AA7C075-416E-416B-BCD3-64DBA47B4F15}.Debug|iPhone.Build.0 = Debug|iPhone
		{5AA7C075-416E-416B-BCD3-64DBA47B4F15}.Debug|iPhone.Deploy.0 = Debug|iPhone
		{5AA7C075-416E-416B-BCD3-64DBA47B4F15}.Debug|iPhoneSimulator.ActiveCfg = Debug|iPhoneSimulator
		{5AA7C075-416E-416B-BCD3-64DBA47B4F15}.Debug|iPhoneSimulator.Build.0 = Debug|iPhoneSimulator
		{5AA7C075-416E-416B-BCD3-64DBA47B4F15}.Debug|iPhoneSimulator.Deploy.0 = Debug|iPhoneSimulator
		{5AA7C075-416E-416B-BCD3-64DBA47B4F15}.Release|Any CPU.ActiveCfg = Release|iPhoneSimulator
		{5AA7C075-416E-416B-BCD3-64DBA47B4F15}.Release|Any CPU.Build.0 = Release|iPhoneSimulator
		{5AA7C075-416E-416B-BCD3-64DBA47B4F15}.Release|Any CPU.Deploy.0 = Release|iPhoneSimulator
		{5AA7C075-416E-416B-BCD3-64DBA47B4F15}.Release|iPhone.ActiveCfg = Release|iPhone
		{5AA7C075-416E-416B-BCD3-64DBA47B4F15}.Release|iPhone.Build.0 = Release|iPhone
		{5AA7C075-416E-416B-BCD3-64DBA47B4F15}.Release|iPhone.Deploy.0 = Release|iPhone
		{5AA7C075-416E-416B-BCD3-64DBA47B4F15}.Release|iPhoneSimulator.ActiveCfg = Release|iPhoneSimulator
		{5AA7C075-416E-416B-BCD3-64DBA47B4F15}.Release|iPhoneSimulator.Build.0 = Release|iPhoneSimulator
		{5AA7C075-416E-416B-BCD3-64DBA47B4F15}.Release|iPhoneSimulator.Deploy.0 = Release|iPhoneSimulator
		{98F662B6-2563-481A-A864-00E0DB083E54}.Debug|Any CPU.ActiveCfg = Debug|Any CPU
		{98F662B6-2563-481A-A864-00E0DB083E54}.Debug|Any CPU.Build.0 = Debug|Any CPU
		{98F662B6-2563-481A-A864-00E0DB083E54}.Debug|Any CPU.Deploy.0 = Debug|Any CPU
		{98F662B6-2563-481A-A864-00E0DB083E54}.Debug|iPhone.ActiveCfg = Debug|Any CPU
		{98F662B6-2563-481A-A864-00E0DB083E54}.Debug|iPhone.Build.0 = Debug|Any CPU
		{98F662B6-2563-481A-A864-00E0DB083E54}.Debug|iPhone.Deploy.0 = Debug|Any CPU
		{98F662B6-2563-481A-A864-00E0DB083E54}.Debug|iPhoneSimulator.ActiveCfg = Debug|Any CPU
		{98F662B6-2563-481A-A864-00E0DB083E54}.Debug|iPhoneSimulator.Build.0 = Debug|Any CPU
		{98F662B6-2563-481A-A864-00E0DB083E54}.Debug|iPhoneSimulator.Deploy.0 = Debug|Any CPU
		{98F662B6-2563-481A-A864-00E0DB083E54}.Release|Any CPU.ActiveCfg = Release|Any CPU
		{98F662B6-2563-481A-A864-00E0DB083E54}.Release|Any CPU.Build.0 = Release|Any CPU
		{98F662B6-2563-481A-A864-00E0DB083E54}.Release|Any CPU.Deploy.0 = Release|Any CPU
		{98F662B6-2563-481A-A864-00E0DB083E54}.Release|iPhone.ActiveCfg = Release|Any CPU
		{98F662B6-2563-481A-A864-00E0DB083E54}.Release|iPhone.Build.0 = Release|Any CPU
		{98F662B6-2563-481A-A864-00E0DB083E54}.Release|iPhone.Deploy.0 = Release|Any CPU
		{98F662B6-2563-481A-A864-00E0DB083E54}.Release|iPhoneSimulator.ActiveCfg = Release|Any CPU
		{98F662B6-2563-481A-A864-00E0DB083E54}.Release|iPhoneSimulator.Build.0 = Release|Any CPU
		{98F662B6-2563-481A-A864-00E0DB083E54}.Release|iPhoneSimulator.Deploy.0 = Release|Any CPU
	EndGlobalSection
	GlobalSection(SolutionProperties) = preSolution
		HideSolutionNode = FALSE
	EndGlobalSection
	GlobalSection(ExtensibilityGlobals) = postSolution
		SolutionGuid = {0E3AD218-174D-4632-8466-3110B7A1A7CE}
	EndGlobalSection
EndGlobal
